
Microsoft Visual Studio Solution File, Format Version 12.00
# Visual Studio Version 17
VisualStudioVersion = 17.5.33530.505
MinimumVisualStudioVersion = 10.0.40219.1
Project("{FAE04EC0-301F-11D3-BF4B-00C04F79EFBC}") = "GeneralskiyPractice", "GeneralskiyPractice\GeneralskiyPractice.csproj", "{D3D1C519-5985-4FCD-85DA-8190DDE4FDF5}"
EndProject
Global
	GlobalSection(SolutionConfigurationPlatforms) = preSolution
		Debug|Any CPU = Debug|Any CPU
		Release|Any CPU = Release|Any CPU
	EndGlobalSection
	GlobalSection(ProjectConfigurationPlatforms) = postSolution
		{D3D1C519-5985-4FCD-85DA-8190DDE4FDF5}.Debug|Any CPU.ActiveCfg = Debug|Any CPU
		{D3D1C519-5985-4FCD-85DA-8190DDE4FDF5}.Debug|Any CPU.Build.0 = Debug|Any CPU
		{D3D1C519-5985-4FCD-85DA-8190DDE4FDF5}.Release|Any CPU.ActiveCfg = Release|Any CPU
		{D3D1C519-5985-4FCD-85DA-8190DDE4FDF5}.Release|Any CPU.Build.0 = Release|Any CPU
	EndGlobalSection
	GlobalSection(SolutionProperties) = preSolution
		HideSolutionNode = FALSE
	EndGlobalSection
	GlobalSection(ExtensibilityGlobals) = postSolution
		SolutionGuid = {0B94B079-E45C-4E20-92D9-9A5FF8AC7388}
	EndGlobalSection
EndGlobal
